
Microsoft Visual Studio Solution File, Format Version 12.00
# Visual Studio Version 16
VisualStudioVersion = 16.0.29709.97
MinimumVisualStudioVersion = 10.0.40219.1
Project("{9A19103F-16F7-4668-BE54-9A1E7A4F7556}") = "NetEasy", "NetEasy.csproj", "{66C46BAB-E5FB-4139-AAEC-463CDD6E823D}"
EndProject
Project("{2150E333-8FDC-42A3-9474-1A3956D46DE8}") = "Solution Items", "Solution Items", "{1DCAB35C-0453-4A50-8E74-59549E7B2748}"
	ProjectSection(SolutionItems) = preProject
		.editorconfig = .editorconfig
	EndProjectSection
EndProject
Global
	GlobalSection(SolutionConfigurationPlatforms) = preSolution
		Debug|Any CPU = Debug|Any CPU
		Release|Any CPU = Release|Any CPU
	EndGlobalSection
	GlobalSection(ProjectConfigurationPlatforms) = postSolution
		{66C46BAB-E5FB-4139-AAEC-463CDD6E823D}.Debug|Any CPU.ActiveCfg = Debug|Any CPU
		{66C46BAB-E5FB-4139-AAEC-463CDD6E823D}.Debug|Any CPU.Build.0 = Debug|Any CPU
		{66C46BAB-E5FB-4139-AAEC-463CDD6E823D}.Release|Any CPU.ActiveCfg = Release|Any CPU
		{66C46BAB-E5FB-4139-AAEC-463CDD6E823D}.Release|Any CPU.Build.0 = Release|Any CPU
	EndGlobalSection
	GlobalSection(SolutionProperties) = preSolution
		HideSolutionNode = FALSE
	EndGlobalSection
	GlobalSection(ExtensibilityGlobals) = postSolution
		SolutionGuid = {CD84AA8E-78F6-41C8-BE50-C3A94578EECD}
	EndGlobalSection
EndGlobal
